
Microsoft Visual Studio Solution File, Format Version 12.00
# Visual Studio Version 16
VisualStudioVersion = 16.0.28803.202
MinimumVisualStudioVersion = 10.0.40219.1
Project("{9A19103F-16F7-4668-BE54-9A1E7A4F7556}") = "PeopleCoreAngularWebApplication", "PeopleCoreAngularWebApplication\PeopleCoreAngularWebApplication.csproj", "{F3B83B6C-78FF-4412-9E52-FA3C7BB0F183}"
EndProject
Project("{9A19103F-16F7-4668-BE54-9A1E7A4F7556}") = "PeopleCoreAngularWebApplication.Test", "PeopleCoreAngularWebApplication.Test\PeopleCoreAngularWebApplication.Test.csproj", "{BEB976FC-18EB-46F4-9930-78E59735062B}"
EndProject
Global
	GlobalSection(SolutionConfigurationPlatforms) = preSolution
		Debug|Any CPU = Debug|Any CPU
		Release|Any CPU = Release|Any CPU
	EndGlobalSection
	GlobalSection(ProjectConfigurationPlatforms) = postSolution
		{F3B83B6C-78FF-4412-9E52-FA3C7BB0F183}.Debug|Any CPU.ActiveCfg = Debug|Any CPU
		{F3B83B6C-78FF-4412-9E52-FA3C7BB0F183}.Debug|Any CPU.Build.0 = Debug|Any CPU
		{F3B83B6C-78FF-4412-9E52-FA3C7BB0F183}.Release|Any CPU.ActiveCfg = Release|Any CPU
		{F3B83B6C-78FF-4412-9E52-FA3C7BB0F183}.Release|Any CPU.Build.0 = Release|Any CPU
		{BEB976FC-18EB-46F4-9930-78E59735062B}.Debug|Any CPU.ActiveCfg = Debug|Any CPU
		{BEB976FC-18EB-46F4-9930-78E59735062B}.Debug|Any CPU.Build.0 = Debug|Any CPU
		{BEB976FC-18EB-46F4-9930-78E59735062B}.Release|Any CPU.ActiveCfg = Release|Any CPU
		{BEB976FC-18EB-46F4-9930-78E59735062B}.Release|Any CPU.Build.0 = Release|Any CPU
	EndGlobalSection
	GlobalSection(SolutionProperties) = preSolution
		HideSolutionNode = FALSE
	EndGlobalSection
	GlobalSection(ExtensibilityGlobals) = postSolution
		SolutionGuid = {1CFE6762-918C-4C6C-AEDC-883170ED1298}
	EndGlobalSection
EndGlobal
